schema: '2.0'
stages:
  download:
    cmd: python scripts/download.py --src cmems_obs-sl_eur_phy-ssh_nrt_allsat-l4-duacs-0.125deg_P1D
      --dst data/raw
    deps:
    - path: scripts/download.py
      hash: md5
      md5: 0a1b4345fd2c270e902e0eff7920c235
      size: 937
    outs:
    - path: data/raw/SEALEVEL_EUR_PHY_L4_NRT_008_060
      hash: md5
      md5: 61c0ce38cf592960503e8b404ab9e58e.dir
      size: 1892631755
      nfiles: 1060
  aggregate:
    cmd: python scripts/aggregate.py --src data/raw/SEALEVEL_EUR_PHY_L4_NRT_008_060
      --dst data/processed/cmems_obs-sl_eur_phy-ssh_nrt_allsat-l4-duacs-0.125deg_P1D.nc
    deps:
    - path: data/raw/SEALEVEL_EUR_PHY_L4_NRT_008_060
      hash: md5
      md5: 61c0ce38cf592960503e8b404ab9e58e.dir
      size: 1892631755
      nfiles: 1060
    - path: scripts/aggregate.py
      hash: md5
      md5: b45cc74f7b0e30a217732eae5483519f
      size: 1057
    outs:
    - path: data/processed/cmems_obs-sl_eur_phy-ssh_nrt_allsat-l4-duacs-0.125deg_P1D.nc
      hash: md5
      md5: 6facf6d085e7f564a209fca466dbfda3
      size: 1537250628
  plot_video:
    cmd: python scripts/plot_video.py --src data/processed/cmems_obs-sl_eur_phy-ssh_nrt_allsat-l4-duacs-0.125deg_P1D.nc
      --dst reports/cmems_obs-sl_eur_phy-ssh_nrt_allsat-l4-duacs-0.125deg_P1D.mp4
    deps:
    - path: data/processed/cmems_obs-sl_eur_phy-ssh_nrt_allsat-l4-duacs-0.125deg_P1D.nc
      hash: md5
      md5: 6facf6d085e7f564a209fca466dbfda3
      size: 1537250628
    - path: scripts/plot_video.py
      hash: md5
      md5: 2ca308a68c84b6242545120d256f238f
      size: 1417
    outs:
    - path: reports/cmems_obs-sl_eur_phy-ssh_nrt_allsat-l4-duacs-0.125deg_P1D.mp4
      hash: md5
      md5: ff04ee219f68c8f615009f353d551ade
      size: 3656079
  split:
    cmd: python scripts/split.py --src data/processed/cmems_obs-sl_eur_phy-ssh_nrt_allsat-l4-duacs-0.125deg_P1D.nc
      --train_dst data/processed/train.nc --test_dst  data/processed/test.nc --test_size
      0.2
    deps:
    - path: data/processed/cmems_obs-sl_eur_phy-ssh_nrt_allsat-l4-duacs-0.125deg_P1D.nc
      hash: md5
      md5: 6facf6d085e7f564a209fca466dbfda3
      size: 1537250628
    - path: scripts/split.py
      hash: md5
      md5: ea7df6f8e35601b43f84b7a787613942
      size: 1123
    outs:
    - path: data/processed/test.nc
      hash: md5
      md5: cfe586ef06bc7780ad3e3ec515a56bd9
      size: 317095168
    - path: data/processed/train.nc
      hash: md5
      md5: 950e123072088a43b9e443d4da2d5ed3
      size: 1225378479
